
Microsoft Visual Studio Solution File, Format Version 12.00
# Visual Studio Version 17
VisualStudioVersion = 17.5.33516.290
MinimumVisualStudioVersion = 10.0.40219.1
Project("{FAE04EC0-301F-11D3-BF4B-00C04F79EFBC}") = "CapaPresentacion", "PuntoVenta\CapaPresentacion.csproj", "{B359962C-6AFF-420F-B306-EBFEED7CD7AA}"
EndProject
Project("{FAE04EC0-301F-11D3-BF4B-00C04F79EFBC}") = "CapaDatos", "CapaDatos\CapaDatos.csproj", "{7903EB4B-CB9D-4417-8147-D2E7D80D3D0F}"
EndProject
Project("{FAE04EC0-301F-11D3-BF4B-00C04F79EFBC}") = "CapaEntidad", "CapaEntidad\CapaEntidad.csproj", "{4240B683-6568-4DA2-87B4-59DA3FB77EFB}"
EndProject
Project("{FAE04EC0-301F-11D3-BF4B-00C04F79EFBC}") = "CapaNegocio", "CapaNegocio\CapaNegocio.csproj", "{E0777A1C-F8F6-4AD4-861A-026D97F06095}"
EndProject
Global
	GlobalSection(SolutionConfigurationPlatforms) = preSolution
		Debug|Any CPU = Debug|Any CPU
		Release|Any CPU = Release|Any CPU
	EndGlobalSection
	GlobalSection(ProjectConfigurationPlatforms) = postSolution
		{B359962C-6AFF-420F-B306-EBFEED7CD7AA}.Debug|Any CPU.ActiveCfg = Debug|Any CPU
		{B359962C-6AFF-420F-B306-EBFEED7CD7AA}.Debug|Any CPU.Build.0 = Debug|Any CPU
		{B359962C-6AFF-420F-B306-EBFEED7CD7AA}.Release|Any CPU.ActiveCfg = Release|Any CPU
		{B359962C-6AFF-420F-B306-EBFEED7CD7AA}.Release|Any CPU.Build.0 = Release|Any CPU
		{7903EB4B-CB9D-4417-8147-D2E7D80D3D0F}.Debug|Any CPU.ActiveCfg = Debug|Any CPU
		{7903EB4B-CB9D-4417-8147-D2E7D80D3D0F}.Debug|Any CPU.Build.0 = Debug|Any CPU
		{7903EB4B-CB9D-4417-8147-D2E7D80D3D0F}.Release|Any CPU.ActiveCfg = Release|Any CPU
		{7903EB4B-CB9D-4417-8147-D2E7D80D3D0F}.Release|Any CPU.Build.0 = Release|Any CPU
		{4240B683-6568-4DA2-87B4-59DA3FB77EFB}.Debug|Any CPU.ActiveCfg = Debug|Any CPU
		{4240B683-6568-4DA2-87B4-59DA3FB77EFB}.Debug|Any CPU.Build.0 = Debug|Any CPU
		{4240B683-6568-4DA2-87B4-59DA3FB77EFB}.Release|Any CPU.ActiveCfg = Release|Any CPU
		{4240B683-6568-4DA2-87B4-59DA3FB77EFB}.Release|Any CPU.Build.0 = Release|Any CPU
		{E0777A1C-F8F6-4AD4-861A-026D97F06095}.Debug|Any CPU.ActiveCfg = Debug|Any CPU
		{E0777A1C-F8F6-4AD4-861A-026D97F06095}.Debug|Any CPU.Build.0 = Debug|Any CPU
		{E0777A1C-F8F6-4AD4-861A-026D97F06095}.Release|Any CPU.ActiveCfg = Release|Any CPU
		{E0777A1C-F8F6-4AD4-861A-026D97F06095}.Release|Any CPU.Build.0 = Release|Any CPU
	EndGlobalSection
	GlobalSection(SolutionProperties) = preSolution
		HideSolutionNode = FALSE
	EndGlobalSection
	GlobalSection(ExtensibilityGlobals) = postSolution
		SolutionGuid = {587E6824-F447-48D4-A8CB-35DAE24BDFF8}
	EndGlobalSection
EndGlobal
